
Microsoft Visual Studio Solution File, Format Version 12.00
# Visual Studio Version 17
VisualStudioVersion = 17.9.34616.47
MinimumVisualStudioVersion = 10.0.40219.1
Project("{9A19103F-16F7-4668-BE54-9A1E7A4F7556}") = "WaiterService", "WaiterService\WaiterService.csproj", "{C54164C4-1D0F-4D06-AD59-D1E87F4F92C3}"
EndProject
Project("{9A19103F-16F7-4668-BE54-9A1E7A4F7556}") = "ManagerService", "ManagerService\ManagerService.csproj", "{926C3A4A-6583-47A1-97A5-FCC661CD28B9}"
EndProject
Project("{9A19103F-16F7-4668-BE54-9A1E7A4F7556}") = "BarService", "BarService\BarService.csproj", "{CFF978D6-9AB7-4B05-BB27-502431EC8E4A}"
EndProject
Project("{2150E333-8FDC-42A3-9474-1A3956D46DE8}") = "K8S", "K8S", "{3BA46805-3074-4238-97C5-31DA5AC5F4EC}"
	ProjectSection(SolutionItems) = preProject
		manager-depl.yaml = manager-depl.yaml
	EndProjectSection
EndProject
Global
	GlobalSection(SolutionConfigurationPlatforms) = preSolution
		Debug|Any CPU = Debug|Any CPU
		Release|Any CPU = Release|Any CPU
	EndGlobalSection
	GlobalSection(ProjectConfigurationPlatforms) = postSolution
		{C54164C4-1D0F-4D06-AD59-D1E87F4F92C3}.Debug|Any CPU.ActiveCfg = Debug|Any CPU
		{C54164C4-1D0F-4D06-AD59-D1E87F4F92C3}.Debug|Any CPU.Build.0 = Debug|Any CPU
		{C54164C4-1D0F-4D06-AD59-D1E87F4F92C3}.Release|Any CPU.ActiveCfg = Release|Any CPU
		{C54164C4-1D0F-4D06-AD59-D1E87F4F92C3}.Release|Any CPU.Build.0 = Release|Any CPU
		{926C3A4A-6583-47A1-97A5-FCC661CD28B9}.Debug|Any CPU.ActiveCfg = Debug|Any CPU
		{926C3A4A-6583-47A1-97A5-FCC661CD28B9}.Debug|Any CPU.Build.0 = Debug|Any CPU
		{926C3A4A-6583-47A1-97A5-FCC661CD28B9}.Release|Any CPU.ActiveCfg = Release|Any CPU
		{926C3A4A-6583-47A1-97A5-FCC661CD28B9}.Release|Any CPU.Build.0 = Release|Any CPU
		{CFF978D6-9AB7-4B05-BB27-502431EC8E4A}.Debug|Any CPU.ActiveCfg = Debug|Any CPU
		{CFF978D6-9AB7-4B05-BB27-502431EC8E4A}.Debug|Any CPU.Build.0 = Debug|Any CPU
		{CFF978D6-9AB7-4B05-BB27-502431EC8E4A}.Release|Any CPU.ActiveCfg = Release|Any CPU
		{CFF978D6-9AB7-4B05-BB27-502431EC8E4A}.Release|Any CPU.Build.0 = Release|Any CPU
	EndGlobalSection
	GlobalSection(SolutionProperties) = preSolution
		HideSolutionNode = FALSE
	EndGlobalSection
	GlobalSection(ExtensibilityGlobals) = postSolution
		SolutionGuid = {E9466A89-CD69-4E2A-ABA9-C28A72253523}
	EndGlobalSection
EndGlobal
